<Solution>
  <Configurations>
    <Platform Name="x64" />
    <Platform Name="x86" />
  </Configurations>
  <Project Path="User_interface/DSL_parser_winui3.vcxproj" Id="1d16c4b5-0bfc-49f1-8529-452d84fa16c8">
    <Deploy />
  </Project>
  <Project Path="DSL_Parser/DSL_Parser_withoutGUI.vcxproj" Id="7e1147ce-a179-443b-9e71-3d1d4255c029" />
  <Project Path="Admin_interface/web_try.vcxproj" Id="b6aabf30-0b2d-4315-a377-53d130ce32b7" />
</Solution>
