<?xml version="1.0" encoding="utf-8"?>
<Project ToolsVersion="4.0" xmlns="http://schemas.microsoft.com/developer/msbuild/2003">
  <ItemGroup>
    <Filter Include="源文件">
      <UniqueIdentifier>{4FC737F1-C7A5-4376-A066-2A32D752A2FF}</UniqueIdentifier>
      <Extensions>cpp;c;cc;cxx;c++;cppm;ixx;def;odl;idl;hpj;bat;asm;asmx</Extensions>
    </Filter>
    <Filter Include="头文件">
      <UniqueIdentifier>{93995380-89BD-4b04-88EB-625FBE52EBFB}</UniqueIdentifier>
      <Extensions>h;hh;hpp;hxx;h++;hm;inl;inc;ipp;xsd</Extensions>
    </Filter>
    <Filter Include="资源文件">
      <UniqueIdentifier>{67DA6AB6-F800-4c08-8B7A-83BB121AAD01}</UniqueIdentifier>
      <Extensions>rc;ico;cur;bmp;dlg;rc2;rct;bin;rgs;gif;jpg;jpeg;jpe;resx;tiff;tif;png;wav;mfcribbon-ms</Extensions>
    </Filter>
  </ItemGroup>
  <ItemGroup>
    <ClCompile Include="源.cpp">
      <Filter>源文件</Filter>
    </ClCompile>
    <ClCompile Include="antlr4\project\EcoBotCpp\EcoBotBaseVisitor.cpp">
      <Filter>源文件</Filter>
    </ClCompile>
    <ClCompile Include="antlr4\project\EcoBotCpp\EcoBotVisitor.cpp">
      <Filter>源文件</Filter>
    </ClCompile>
    <ClCompile Include="antlr4\project\EcoBotCpp\EcoBotLexer.cpp">
      <Filter>源文件</Filter>
    </ClCompile>
    <ClCompile Include="antlr4\project\EcoBotCpp\EcoBotListener.cpp">
      <Filter>源文件</Filter>
    </ClCompile>
    <ClCompile Include="antlr4\project\EcoBotCpp\EcoBotParser.cpp">
      <Filter>源文件</Filter>
    </ClCompile>
    <ClCompile Include="antlr4\project\EcoBotCpp\EcoBotInterpreter.ixx">
      <Filter>源文件</Filter>
    </ClCompile>
    <ClCompile Include="antlr4\project\EcoBotCpp\Controller.ixx">
      <Filter>源文件</Filter>
    </ClCompile>
    <ClCompile Include="IntentRecognition.ixx">
      <Filter>源文件</Filter>
    </ClCompile>
    <ClCompile Include="Context.ixx">
      <Filter>源文件</Filter>
    </ClCompile>
    <ClCompile Include="DAO.ixx">
      <Filter>源文件</Filter>
    </ClCompile>
    <ClCompile Include="DBService.ixx">
      <Filter>源文件</Filter>
    </ClCompile>
  </ItemGroup>
  <ItemGroup>
    <None Include="DSL_script\normal.dsl" />
    <None Include="DSL_script\test1.dsl" />
    <None Include="antlr4\project\EcoBot.g4" />
    <None Include="antlr4\project\EcoBotCpp\EcoBot.tokens" />
    <None Include="antlr4\project\EcoBotCpp\EcoBot.interp" />
    <None Include="antlr4\project\EcoBotCpp\EcoBotLexer.interp" />
    <None Include="antlr4\project\EcoBotCpp\EcoBotLexer.tokens" />
    <None Include="DSL_script\test2.dsl" />
  </ItemGroup>
  <ItemGroup>
    <Text Include="antlr4\project\instruction.txt" />
  </ItemGroup>
  <ItemGroup>
    <ClInclude Include="antlr4\project\EcoBotCpp\EcoBotBaseVisitor.h">
      <Filter>头文件</Filter>
    </ClInclude>
    <ClInclude Include="antlr4\project\EcoBotCpp\EcoBotVisitor.h">
      <Filter>头文件</Filter>
    </ClInclude>
    <ClInclude Include="antlr4\project\EcoBotCpp\EcoBotLexer.h">
      <Filter>头文件</Filter>
    </ClInclude>
    <ClInclude Include="antlr4\project\EcoBotCpp\EcoBotListener.h">
      <Filter>头文件</Filter>
    </ClInclude>
    <ClInclude Include="antlr4\project\EcoBotCpp\EcoBotParser.h">
      <Filter>头文件</Filter>
    </ClInclude>
    <ClInclude Include="httplib.h">
      <Filter>头文件</Filter>
    </ClInclude>
    <ClInclude Include="json.hpp">
      <Filter>头文件</Filter>
    </ClInclude>
  </ItemGroup>
</Project>